
Microsoft Visual Studio Solution File, Format Version 12.00
# Visual Studio Version 17
VisualStudioVersion = 17.10.34916.146
MinimumVisualStudioVersion = 10.0.40219.1
Project("{9A19103F-16F7-4668-BE54-9A1E7A4F7556}") = "smartfinance.Domain", "smartfinance.Domain\smartfinance.Domain.csproj", "{2AB7D873-8D24-46A6-85CC-52A80DAC96BB}"
EndProject
Project("{9A19103F-16F7-4668-BE54-9A1E7A4F7556}") = "smartfinance.Application", "smartfinance.Application\smartfinance.Application.csproj", "{E85437B6-DEE8-4F3C-A255-40C058F4FAF1}"
EndProject
Project("{9A19103F-16F7-4668-BE54-9A1E7A4F7556}") = "smartfinance.Infra.Data", "smartfinance.Infra.Data\smartfinance.Infra.Data.csproj", "{7346469C-98B3-45FB-9F18-D05AFD23F479}"
EndProject
Project("{2150E333-8FDC-42A3-9474-1A3956D46DE8}") = "4 - infra", "4 - infra", "{EF02CD5D-9A5A-4C0F-A077-5347CB65710E}"
EndProject
Project("{9A19103F-16F7-4668-BE54-9A1E7A4F7556}") = "smartfinance.Api", "smartfinance.Api\smartfinance.Api.csproj", "{B5C0CD56-5F00-4CD0-9293-D1A40AC1245E}"
EndProject
Project("{9A19103F-16F7-4668-BE54-9A1E7A4F7556}") = "smartfinance.Infra.Identity", "smartfinance.Infra.Identity\smartfinance.Infra.Identity.csproj", "{C7322DED-FDD5-458A-B218-188493B10AC5}"
EndProject
Project("{2150E333-8FDC-42A3-9474-1A3956D46DE8}") = "1 - presentation", "1 - presentation", "{5904449D-6707-4330-9C6B-E802FD3B1E81}"
EndProject
Project("{2150E333-8FDC-42A3-9474-1A3956D46DE8}") = "2 - application", "2 - application", "{32E61BE4-E679-42D5-9AD5-04441B397F50}"
EndProject
Project("{2150E333-8FDC-42A3-9474-1A3956D46DE8}") = "3 - domain", "3 - domain", "{7AEA5B36-764C-4254-8D72-3DF80707945B}"
EndProject
Project("{2150E333-8FDC-42A3-9474-1A3956D46DE8}") = "5 - docker-compose", "5 - docker-compose", "{88F61253-31F5-4B35-A02F-B19134EC70B1}"
	ProjectSection(SolutionItems) = preProject
		docker-compose.yml = docker-compose.yml
		initial_setup.bat = initial_setup.bat
	EndProjectSection
EndProject
Global
	GlobalSection(SolutionConfigurationPlatforms) = preSolution
		Debug|Any CPU = Debug|Any CPU
		Release|Any CPU = Release|Any CPU
	EndGlobalSection
	GlobalSection(ProjectConfigurationPlatforms) = postSolution
		{2AB7D873-8D24-46A6-85CC-52A80DAC96BB}.Debug|Any CPU.ActiveCfg = Debug|Any CPU
		{2AB7D873-8D24-46A6-85CC-52A80DAC96BB}.Debug|Any CPU.Build.0 = Debug|Any CPU
		{2AB7D873-8D24-46A6-85CC-52A80DAC96BB}.Release|Any CPU.ActiveCfg = Release|Any CPU
		{2AB7D873-8D24-46A6-85CC-52A80DAC96BB}.Release|Any CPU.Build.0 = Release|Any CPU
		{E85437B6-DEE8-4F3C-A255-40C058F4FAF1}.Debug|Any CPU.ActiveCfg = Debug|Any CPU
		{E85437B6-DEE8-4F3C-A255-40C058F4FAF1}.Debug|Any CPU.Build.0 = Debug|Any CPU
		{E85437B6-DEE8-4F3C-A255-40C058F4FAF1}.Release|Any CPU.ActiveCfg = Release|Any CPU
		{E85437B6-DEE8-4F3C-A255-40C058F4FAF1}.Release|Any CPU.Build.0 = Release|Any CPU
		{7346469C-98B3-45FB-9F18-D05AFD23F479}.Debug|Any CPU.ActiveCfg = Debug|Any CPU
		{7346469C-98B3-45FB-9F18-D05AFD23F479}.Debug|Any CPU.Build.0 = Debug|Any CPU
		{7346469C-98B3-45FB-9F18-D05AFD23F479}.Release|Any CPU.ActiveCfg = Release|Any CPU
		{7346469C-98B3-45FB-9F18-D05AFD23F479}.Release|Any CPU.Build.0 = Release|Any CPU
		{B5C0CD56-5F00-4CD0-9293-D1A40AC1245E}.Debug|Any CPU.ActiveCfg = Debug|Any CPU
		{B5C0CD56-5F00-4CD0-9293-D1A40AC1245E}.Debug|Any CPU.Build.0 = Debug|Any CPU
		{B5C0CD56-5F00-4CD0-9293-D1A40AC1245E}.Release|Any CPU.ActiveCfg = Release|Any CPU
		{B5C0CD56-5F00-4CD0-9293-D1A40AC1245E}.Release|Any CPU.Build.0 = Release|Any CPU
		{C7322DED-FDD5-458A-B218-188493B10AC5}.Debug|Any CPU.ActiveCfg = Debug|Any CPU
		{C7322DED-FDD5-458A-B218-188493B10AC5}.Debug|Any CPU.Build.0 = Debug|Any CPU
		{C7322DED-FDD5-458A-B218-188493B10AC5}.Release|Any CPU.ActiveCfg = Release|Any CPU
		{C7322DED-FDD5-458A-B218-188493B10AC5}.Release|Any CPU.Build.0 = Release|Any CPU
	EndGlobalSection
	GlobalSection(SolutionProperties) = preSolution
		HideSolutionNode = FALSE
	EndGlobalSection
	GlobalSection(NestedProjects) = preSolution
		{2AB7D873-8D24-46A6-85CC-52A80DAC96BB} = {7AEA5B36-764C-4254-8D72-3DF80707945B}
		{E85437B6-DEE8-4F3C-A255-40C058F4FAF1} = {32E61BE4-E679-42D5-9AD5-04441B397F50}
		{7346469C-98B3-45FB-9F18-D05AFD23F479} = {EF02CD5D-9A5A-4C0F-A077-5347CB65710E}
		{B5C0CD56-5F00-4CD0-9293-D1A40AC1245E} = {5904449D-6707-4330-9C6B-E802FD3B1E81}
		{C7322DED-FDD5-458A-B218-188493B10AC5} = {EF02CD5D-9A5A-4C0F-A077-5347CB65710E}
	EndGlobalSection
	GlobalSection(ExtensibilityGlobals) = postSolution
		SolutionGuid = {42688A75-4323-44FA-BB12-BE79D806488E}
	EndGlobalSection
EndGlobal
